
Microsoft Visual Studio Solution File, Format Version 12.00
# Visual Studio Version 16
VisualStudioVersion = 16.0.30907.101
MinimumVisualStudioVersion = 10.0.40219.1
Project("{9A19103F-16F7-4668-BE54-9A1E7A4F7556}") = "Infernum", "Infernum.csproj", "{50080632-9191-4F40-99D2-D833396BC062}"
EndProject
Global
	GlobalSection(SolutionConfigurationPlatforms) = preSolution
		Debug|Any CPU = Debug|Any CPU
		Release|Any CPU = Release|Any CPU
	EndGlobalSection
	GlobalSection(ProjectConfigurationPlatforms) = postSolution
		{50080632-9191-4F40-99D2-D833396BC062}.Debug|Any CPU.ActiveCfg = Debug|Any CPU
		{50080632-9191-4F40-99D2-D833396BC062}.Debug|Any CPU.Build.0 = Debug|Any CPU
		{50080632-9191-4F40-99D2-D833396BC062}.Release|Any CPU.ActiveCfg = Release|Any CPU
		{50080632-9191-4F40-99D2-D833396BC062}.Release|Any CPU.Build.0 = Release|Any CPU
	EndGlobalSection
	GlobalSection(SolutionProperties) = preSolution
		HideSolutionNode = FALSE
	EndGlobalSection
	GlobalSection(ExtensibilityGlobals) = postSolution
		SolutionGuid = {DA52FF49-2B73-4307-9DDC-5115F0266B0E}
	EndGlobalSection
EndGlobal
